
Microsoft Visual Studio Solution File, Format Version 12.00
# Visual Studio Version 17
VisualStudioVersion = 17.5.33414.496
MinimumVisualStudioVersion = 10.0.40219.1
Project("{FAE04EC0-301F-11D3-BF4B-00C04F79EFBC}") = "Oraculum", "Oraculum\Oraculum.csproj", "{D03B1F17-9A5D-46DF-8561-4BF17CDFBD08}"
EndProject
Project("{9A19103F-16F7-4668-BE54-9A1E7A4F7556}") = "GoldenAnvil.Utility", "..\GoldenAnvil.Utility\GoldenAnvil.Utility\GoldenAnvil.Utility.csproj", "{82A50C40-E01C-4FB8-A12D-3B857E7B598F}"
EndProject
Project("{9A19103F-16F7-4668-BE54-9A1E7A4F7556}") = "GoldenAnvil.Utility.Windows", "..\GoldenAnvil.Utility\GoldenAnvil.Utility.Windows\GoldenAnvil.Utility.Windows.csproj", "{B4795D08-DEB8-4AA5-92F2-863B744671EB}"
EndProject
Global
	GlobalSection(SolutionConfigurationPlatforms) = preSolution
		Debug|Any CPU = Debug|Any CPU
		Release|Any CPU = Release|Any CPU
	EndGlobalSection
	GlobalSection(ProjectConfigurationPlatforms) = postSolution
		{D03B1F17-9A5D-46DF-8561-4BF17CDFBD08}.Debug|Any CPU.ActiveCfg = Debug|Any CPU
		{D03B1F17-9A5D-46DF-8561-4BF17CDFBD08}.Debug|Any CPU.Build.0 = Debug|Any CPU
		{D03B1F17-9A5D-46DF-8561-4BF17CDFBD08}.Release|Any CPU.ActiveCfg = Release|Any CPU
		{D03B1F17-9A5D-46DF-8561-4BF17CDFBD08}.Release|Any CPU.Build.0 = Release|Any CPU
		{82A50C40-E01C-4FB8-A12D-3B857E7B598F}.Debug|Any CPU.ActiveCfg = Debug|Any CPU
		{82A50C40-E01C-4FB8-A12D-3B857E7B598F}.Debug|Any CPU.Build.0 = Debug|Any CPU
		{82A50C40-E01C-4FB8-A12D-3B857E7B598F}.Release|Any CPU.ActiveCfg = Release|Any CPU
		{82A50C40-E01C-4FB8-A12D-3B857E7B598F}.Release|Any CPU.Build.0 = Release|Any CPU
		{B4795D08-DEB8-4AA5-92F2-863B744671EB}.Debug|Any CPU.ActiveCfg = Debug|Any CPU
		{B4795D08-DEB8-4AA5-92F2-863B744671EB}.Debug|Any CPU.Build.0 = Debug|Any CPU
		{B4795D08-DEB8-4AA5-92F2-863B744671EB}.Release|Any CPU.ActiveCfg = Release|Any CPU
		{B4795D08-DEB8-4AA5-92F2-863B744671EB}.Release|Any CPU.Build.0 = Release|Any CPU
	EndGlobalSection
	GlobalSection(SolutionProperties) = preSolution
		HideSolutionNode = FALSE
	EndGlobalSection
	GlobalSection(ExtensibilityGlobals) = postSolution
		SolutionGuid = {15736823-F497-4C9A-A1C3-E9126B175199}
	EndGlobalSection
EndGlobal
